
Microsoft Visual Studio Solution File, Format Version 11.00
# Visual Studio 2010
Project("{8BC9CEB8-8B4A-11D0-8D11-00A0C91BC942}") = "Holodeck", "Holodeck.vcxproj", "{D6FB0CAA-F413-4591-9EAC-65CD01EC4570}"
EndProject
Global
	GlobalSection(SolutionConfigurationPlatforms) = preSolution
		Debug|Win32 = Debug|Win32
		Release|Win32 = Release|Win32
	EndGlobalSection
	GlobalSection(ProjectConfigurationPlatforms) = postSolution
		{D6FB0CAA-F413-4591-9EAC-65CD01EC4570}.Debug|Win32.ActiveCfg = Debug|Win32
		{D6FB0CAA-F413-4591-9EAC-65CD01EC4570}.Debug|Win32.Build.0 = Debug|Win32
		{D6FB0CAA-F413-4591-9EAC-65CD01EC4570}.Release|Win32.ActiveCfg = Release|Win32
		{D6FB0CAA-F413-4591-9EAC-65CD01EC4570}.Release|Win32.Build.0 = Release|Win32
	EndGlobalSection
	GlobalSection(SolutionProperties) = preSolution
		HideSolutionNode = FALSE
	EndGlobalSection
EndGlobal
